
Microsoft Visual Studio Solution File, Format Version 12.00
# Visual Studio Version 16
VisualStudioVersion = 16.0.30804.86
MinimumVisualStudioVersion = 10.0.40219.1
Project("{9A19103F-16F7-4668-BE54-9A1E7A4F7556}") = "KTSite", "KTSite.csproj", "{1D90AE13-5C61-4C31-9FDB-643F17568A49}"
EndProject
Global
	GlobalSection(SolutionConfigurationPlatforms) = preSolution
		Debug|Any CPU = Debug|Any CPU
		Release|Any CPU = Release|Any CPU
	EndGlobalSection
	GlobalSection(ProjectConfigurationPlatforms) = postSolution
		{1D90AE13-5C61-4C31-9FDB-643F17568A49}.Debug|Any CPU.ActiveCfg = Debug|Any CPU
		{1D90AE13-5C61-4C31-9FDB-643F17568A49}.Debug|Any CPU.Build.0 = Debug|Any CPU
		{1D90AE13-5C61-4C31-9FDB-643F17568A49}.Release|Any CPU.ActiveCfg = Release|Any CPU
		{1D90AE13-5C61-4C31-9FDB-643F17568A49}.Release|Any CPU.Build.0 = Release|Any CPU
	EndGlobalSection
	GlobalSection(SolutionProperties) = preSolution
		HideSolutionNode = FALSE
	EndGlobalSection
	GlobalSection(ExtensibilityGlobals) = postSolution
		SolutionGuid = {A4BF7CB9-A8FD-420B-9F35-38E9EBFB629F}
	EndGlobalSection
EndGlobal
